{
  "object": {
    "pins": [
      {
        "package": "Ji",
        "repositoryURL": "https://github.com/shinjukunian/Ji.git",
        "state": {
          "branch": "master",
          "revision": "c4a5120ef3df454ef0dee8363f1e98ebbfd89297",
          "version": null
        }
      },
      {
        "package": "StringTools",
        "repositoryURL": "https://github.com/shinjukunian/StringTools.git",
        "state": {
          "branch": "master",
          "revision": "66a24d21035a4dfcbb18d80a812ae982025ea45b",
          "version": null
        }
      }
    ]
  },
  "version": 1
}
